// !$*UTF8*$!
{
	archiveVersion = 1;
	classes = {
	};
	objectVersion = 56;
	objects = {

/* Begin PBXBuildFile section */
		2D4B63052CEF00C300377401 /* firebaseLab3App.swift in Sources */ = {isa = PBXBuildFile; fileRef = 2D4B63042CEF00C300377401 /* firebaseLab3App.swift */; };
		2D4B63072CEF00C300377401 /* ContentView.swift in Sources */ = {isa = PBXBuildFile; fileRef = 2D4B63062CEF00C300377401 /* ContentView.swift */; };
		2D4B63092CEF00C600377401 /* Assets.xcassets in Resources */ = {isa = PBXBuildFile; fileRef = 2D4B63082CEF00C600377401 /* Assets.xcassets */; };
		2D4B630C2CEF00C600377401 /* Preview Assets.xcassets in Resources */ = {isa = PBXBuildFile; fileRef = 2D4B630B2CEF00C600377401 /* Preview Assets.xcassets */; };
		2D4B63132CEF019E00377401 /* GoogleService-Info.plist in Resources */ = {isa = PBXBuildFile; fileRef = 2D4B63122CEF019E00377401 /* GoogleService-Info.plist */; };
		2D4B63162CEF040800377401 /* FirebaseAnalytics in Frameworks */ = {isa = PBXBuildFile; productRef = 2D4B63152CEF040800377401 /* FirebaseAnalytics */; };
		2D4B63182CEF040800377401 /* FirebaseAnalyticsOnDeviceConversion in Frameworks */ = {isa = PBXBuildFile; productRef = 2D4B63172CEF040800377401 /* FirebaseAnalyticsOnDeviceConversion */; };
		2D4B631A2CEF040800377401 /* FirebaseAnalyticsWithoutAdIdSupport in Frameworks */ = {isa = PBXBuildFile; productRef = 2D4B63192CEF040800377401 /* FirebaseAnalyticsWithoutAdIdSupport */; };
		2D4B631C2CEF040800377401 /* FirebaseAppCheck in Frameworks */ = {isa = PBXBuildFile; productRef = 2D4B631B2CEF040800377401 /* FirebaseAppCheck */; };
		2D4B631E2CEF040800377401 /* FirebaseAppDistribution-Beta in Frameworks */ = {isa = PBXBuildFile; productRef = 2D4B631D2CEF040800377401 /* FirebaseAppDistribution-Beta */; };
		2D4B63212CEF044F00377401 /* FirebaseAuth in Frameworks */ = {isa = PBXBuildFile; productRef = 2D4B63202CEF044F00377401 /* FirebaseAuth */; };
		2D4B63232CEF045300377401 /* FirebaseCore in Frameworks */ = {isa = PBXBuildFile; productRef = 2D4B63222CEF045300377401 /* FirebaseCore */; };
		2D4B63252CEF045900377401 /* FirebaseFirestore in Frameworks */ = {isa = PBXBuildFile; productRef = 2D4B63242CEF045900377401 /* FirebaseFirestore */; };
/* End PBXBuildFile section */

/* Begin PBXFileReference section */
		2D4B63012CEF00C300377401 /* firebaseLab3.app */ = {isa = PBXFileReference; explicitFileType = wrapper.application; includeInIndex = 0; path = firebaseLab3.app; sourceTree = BUILT_PRODUCTS_DIR; };
		2D4B63042CEF00C300377401 /* firebaseLab3App.swift */ = {isa = PBXFileReference; lastKnownFileType = sourcecode.swift; path = firebaseLab3App.swift; sourceTree = "<group>"; };
		2D4B63062CEF00C300377401 /* ContentView.swift */ = {isa = PBXFileReference; lastKnownFileType = sourcecode.swift; path = ContentView.swift; sourceTree = "<group>"; };
		2D4B63082CEF00C600377401 /* Assets.xcassets */ = {isa = PBXFileReference; lastKnownFileType = folder.assetcatalog; path = Assets.xcassets; sourceTree = "<group>"; };
		2D4B630B2CEF00C600377401 /* Preview Assets.xcassets */ = {isa = PBXFileReference; lastKnownFileType = folder.assetcatalog; path = "Preview Assets.xcassets"; sourceTree = "<group>"; };
		2D4B63122CEF019E00377401 /* GoogleService-Info.plist */ = {isa = PBXFileReference; fileEncoding = 4; lastKnownFileType = text.plist.xml; path = "GoogleService-Info.plist"; sourceTree = "<group>"; };
/* End PBXFileReference section */

/* Begin PBXFrameworksBuildPhase section */
		2D4B62FE2CEF00C300377401 /* Frameworks */ = {
			isa = PBXFrameworksBuildPhase;
			buildActionMask = 2147483647;
			files = (
				2D4B631C2CEF040800377401 /* FirebaseAppCheck in Frameworks */,
				2D4B63212CEF044F00377401 /* FirebaseAuth in Frameworks */,
				2D4B63162CEF040800377401 /* FirebaseAnalytics in Frameworks */,
				2D4B631E2CEF040800377401 /* FirebaseAppDistribution-Beta in Frameworks */,
				2D4B63232CEF045300377401 /* FirebaseCore in Frameworks */,
				2D4B63252CEF045900377401 /* FirebaseFirestore in Frameworks */,
				2D4B631A2CEF040800377401 /* FirebaseAnalyticsWithoutAdIdSupport in Frameworks */,
				2D4B63182CEF040800377401 /* FirebaseAnalyticsOnDeviceConversion in Frameworks */,
			);
			runOnlyForDeploymentPostprocessing = 0;
		};
/* End PBXFrameworksBuildPhase section */

/* Begin PBXGroup section */
		2D4B62F82CEF00C300377401 = {
			isa = PBXGroup;
			children = (
				2D4B63032CEF00C300377401 /* firebaseLab3 */,
				2D4B63022CEF00C300377401 /* Products */,
				2D4B631F2CEF044900377401 /* Frameworks */,
			);
			sourceTree = "<group>";
		};
		2D4B63022CEF00C300377401 /* Products */ = {
			isa = PBXGroup;
			children = (
				2D4B63012CEF00C300377401 /* firebaseLab3.app */,
			);
			name = Products;
			sourceTree = "<group>";
		};
		2D4B63032CEF00C300377401 /* firebaseLab3 */ = {
			isa = PBXGroup;
			children = (
				2D4B63042CEF00C300377401 /* firebaseLab3App.swift */,
				2D4B63062CEF00C300377401 /* ContentView.swift */,
				2D4B63122CEF019E00377401 /* GoogleService-Info.plist */,
				2D4B63082CEF00C600377401 /* Assets.xcassets */,
				2D4B630A2CEF00C600377401 /* Preview Content */,
			);
			path = firebaseLab3;
			sourceTree = "<group>";
		};
		2D4B630A2CEF00C600377401 /* Preview Content */ = {
			isa = PBXGroup;
			children = (
				2D4B630B2CEF00C600377401 /* Preview Assets.xcassets */,
			);
			path = "Preview Content";
			sourceTree = "<group>";
		};
		2D4B631F2CEF044900377401 /* Frameworks */ = {
			isa = PBXGroup;
			children = (
			);
			name = Frameworks;
			sourceTree = "<group>";
		};
/* End PBXGroup section */

/* Begin PBXNativeTarget section */
		2D4B63002CEF00C300377401 /* firebaseLab3 */ = {
			isa = PBXNativeTarget;
			buildConfigurationList = 2D4B630F2CEF00C600377401 /* Build configuration list for PBXNativeTarget "firebaseLab3" */;
			buildPhases = (
				2D4B62FD2CEF00C300377401 /* Sources */,
				2D4B62FE2CEF00C300377401 /* Frameworks */,
				2D4B62FF2CEF00C300377401 /* Resources */,
			);
			buildRules = (
			);
			dependencies = (
			);
			name = firebaseLab3;
			packageProductDependencies = (
				2D4B63152CEF040800377401 /* FirebaseAnalytics */,
				2D4B63172CEF040800377401 /* FirebaseAnalyticsOnDeviceConversion */,
				2D4B63192CEF040800377401 /* FirebaseAnalyticsWithoutAdIdSupport */,
				2D4B631B2CEF040800377401 /* FirebaseAppCheck */,
				2D4B631D2CEF040800377401 /* FirebaseAppDistribution-Beta */,
				2D4B63202CEF044F00377401 /* FirebaseAuth */,
				2D4B63222CEF045300377401 /* FirebaseCore */,
				2D4B63242CEF045900377401 /* FirebaseFirestore */,
			);
			productName = firebaseLab3;
			productReference = 2D4B63012CEF00C300377401 /* firebaseLab3.app */;
			productType = "com.apple.product-type.application";
		};
/* End PBXNativeTarget section */

/* Begin PBXProject section */
		2D4B62F92CEF00C300377401 /* Project object */ = {
			isa = PBXProject;
			attributes = {
				BuildIndependentTargetsInParallel = 1;
				LastSwiftUpdateCheck = 1520;
				LastUpgradeCheck = 1520;
				TargetAttributes = {
					2D4B63002CEF00C300377401 = {
						CreatedOnToolsVersion = 15.2;
					};
				};
			};
			buildConfigurationList = 2D4B62FC2CEF00C300377401 /* Build configuration list for PBXProject "firebaseLab3" */;
			compatibilityVersion = "Xcode 14.0";
			developmentRegion = en;
			hasScannedForEncodings = 0;
			knownRegions = (
				en,
				Base,
			);
			mainGroup = 2D4B62F82CEF00C300377401;
			packageReferences = (
				2D4B63142CEF040800377401 /* XCRemoteSwiftPackageReference "firebase-ios-sdk" */,
			);
			productRefGroup = 2D4B63022CEF00C300377401 /* Products */;
			projectDirPath = "";
			projectRoot = "";
			targets = (
				2D4B63002CEF00C300377401 /* firebaseLab3 */,
			);
		};
/* End PBXProject section */

/* Begin PBXResourcesBuildPhase section */
		2D4B62FF2CEF00C300377401 /* Resources */ = {
			isa = PBXResourcesBuildPhase;
			buildActionMask = 2147483647;
			files = (
				2D4B630C2CEF00C600377401 /* Preview Assets.xcassets in Resources */,
				2D4B63092CEF00C600377401 /* Assets.xcassets in Resources */,
				2D4B63132CEF019E00377401 /* GoogleService-Info.plist in Resources */,
			);
			runOnlyForDeploymentPostprocessing = 0;
		};
/* End PBXResourcesBuildPhase section */

/* Begin PBXSourcesBuildPhase section */
		2D4B62FD2CEF00C300377401 /* Sources */ = {
			isa = PBXSourcesBuildPhase;
			buildActionMask = 2147483647;
			files = (
				2D4B63072CEF00C300377401 /* ContentView.swift in Sources */,
				2D4B63052CEF00C300377401 /* firebaseLab3App.swift in Sources */,
			);
			runOnlyForDeploymentPostprocessing = 0;
		};
/* End PBXSourcesBuildPhase section */

/* Begin XCBuildConfiguration section */
		2D4B630D2CEF00C600377401 /* Debug */ = {
			isa = XCBuildConfiguration;
			buildSettings = {
				ALWAYS_SEARCH_USER_PATHS = NO;
				ASSETCATALOG_COMPILER_GENERATE_SWIFT_ASSET_SYMBOL_EXTENSIONS = YES;
				CLANG_ANALYZER_NONNULL = YES;
				CLANG_ANALYZER_NUMBER_OBJECT_CONVERSION = YES_AGGRESSIVE;
				CLANG_CXX_LANGUAGE_STANDARD = "gnu++20";
				CLANG_ENABLE_MODULES = YES;
				CLANG_ENABLE_OBJC_ARC = YES;
				CLANG_ENABLE_OBJC_WEAK = YES;
				CLANG_WARN_BLOCK_CAPTURE_AUTORELEASING = YES;
				CLANG_WARN_BOOL_CONVERSION = YES;
				CLANG_WARN_COMMA = YES;
				CLANG_WARN_CONSTANT_CONVERSION = YES;
				CLANG_WARN_DEPRECATED_OBJC_IMPLEMENTATIONS = YES;
				CLANG_WARN_DIRECT_OBJC_ISA_USAGE = YES_ERROR;
				CLANG_WARN_DOCUMENTATION_COMMENTS = YES;
				CLANG_WARN_EMPTY_BODY = YES;
				CLANG_WARN_ENUM_CONVERSION = YES;
				CLANG_WARN_INFINITE_RECURSION = YES;
				CLANG_WARN_INT_CONVERSION = YES;
				CLANG_WARN_NON_LITERAL_NULL_CONVERSION = YES;
				CLANG_WARN_OBJC_IMPLICIT_RETAIN_SELF = YES;
				CLANG_WARN_OBJC_LITERAL_CONVERSION = YES;
				CLANG_WARN_OBJC_ROOT_CLASS = YES_ERROR;
				CLANG_WARN_QUOTED_INCLUDE_IN_FRAMEWORK_HEADER = YES;
				CLANG_WARN_RANGE_LOOP_ANALYSIS = YES;
				CLANG_WARN_STRICT_PROTOTYPES = YES;
				CLANG_WARN_SUSPICIOUS_MOVE = YES;
				CLANG_WARN_UNGUARDED_AVAILABILITY = YES_AGGRESSIVE;
				CLANG_WARN_UNREACHABLE_CODE = YES;
				CLANG_WARN__DUPLICATE_METHOD_MATCH = YES;
				COPY_PHASE_STRIP = NO;
				DEBUG_INFORMATION_FORMAT = dwarf;
				ENABLE_STRICT_OBJC_MSGSEND = YES;
				ENABLE_TESTABILITY = YES;
				ENABLE_USER_SCRIPT_SANDBOXING = YES;
				GCC_C_LANGUAGE_STANDARD = gnu17;
				GCC_DYNAMIC_NO_PIC = NO;
				GCC_NO_COMMON_BLOCKS = YES;
				GCC_OPTIMIZATION_LEVEL = 0;
				GCC_PREPROCESSOR_DEFINITIONS = (
					"DEBUG=1",
					"$(inherited)",
				);
				GCC_WARN_64_TO_32_BIT_CONVERSION = YES;
				GCC_WARN_ABOUT_RETURN_TYPE = YES_ERROR;
				GCC_WARN_UNDECLARED_SELECTOR = YES;
				GCC_WARN_UNINITIALIZED_AUTOS = YES_AGGRESSIVE;
				GCC_WARN_UNUSED_FUNCTION = YES;
				GCC_WARN_UNUSED_VARIABLE = YES;
				IPHONEOS_DEPLOYMENT_TARGET = 17.2;
				LOCALIZATION_PREFERS_STRING_CATALOGS = YES;
				MTL_ENABLE_DEBUG_INFO = INCLUDE_SOURCE;
				MTL_FAST_MATH = YES;
				ONLY_ACTIVE_ARCH = YES;
				SDKROOT = iphoneos;
				SWIFT_ACTIVE_COMPILATION_CONDITIONS = "DEBUG $(inherited)";
				SWIFT_OPTIMIZATION_LEVEL = "-Onone";
			};
			name = Debug;
		};
		2D4B630E2CEF00C600377401 /* Release */ = {
			isa = XCBuildConfiguration;
			buildSettings = {
				ALWAYS_SEARCH_USER_PATHS = NO;
				ASSETCATALOG_COMPILER_GENERATE_SWIFT_ASSET_SYMBOL_EXTENSIONS = YES;
				CLANG_ANALYZER_NONNULL = YES;
				CLANG_ANALYZER_NUMBER_OBJECT_CONVERSION = YES_AGGRESSIVE;
				CLANG_CXX_LANGUAGE_STANDARD = "gnu++20";
				CLANG_ENABLE_MODULES = YES;
				CLANG_ENABLE_OBJC_ARC = YES;
				CLANG_ENABLE_OBJC_WEAK = YES;
				CLANG_WARN_BLOCK_CAPTURE_AUTORELEASING = YES;
				CLANG_WARN_BOOL_CONVERSION = YES;
				CLANG_WARN_COMMA = YES;
				CLANG_WARN_CONSTANT_CONVERSION = YES;
				CLANG_WARN_DEPRECATED_OBJC_IMPLEMENTATIONS = YES;
				CLANG_WARN_DIRECT_OBJC_ISA_USAGE = YES_ERROR;
				CLANG_WARN_DOCUMENTATION_COMMENTS = YES;
				CLANG_WARN_EMPTY_BODY = YES;
				CLANG_WARN_ENUM_CONVERSION = YES;
				CLANG_WARN_INFINITE_RECURSION = YES;
				CLANG_WARN_INT_CONVERSION = YES;
				CLANG_WARN_NON_LITERAL_NULL_CONVERSION = YES;
				CLANG_WARN_OBJC_IMPLICIT_RETAIN_SELF = YES;
				CLANG_WARN_OBJC_LITERAL_CONVERSION = YES;
				CLANG_WARN_OBJC_ROOT_CLASS = YES_ERROR;
				CLANG_WARN_QUOTED_INCLUDE_IN_FRAMEWORK_HEADER = YES;
				CLANG_WARN_RANGE_LOOP_ANALYSIS = YES;
				CLANG_WARN_STRICT_PROTOTYPES = YES;
				CLANG_WARN_SUSPICIOUS_MOVE = YES;
				CLANG_WARN_UNGUARDED_AVAILABILITY = YES_AGGRESSIVE;
				CLANG_WARN_UNREACHABLE_CODE = YES;
				CLANG_WARN__DUPLICATE_METHOD_MATCH = YES;
				COPY_PHASE_STRIP = NO;
				DEBUG_INFORMATION_FORMAT = "dwarf-with-dsym";
				ENABLE_NS_ASSERTIONS = NO;
				ENABLE_STRICT_OBJC_MSGSEND = YES;
				ENABLE_USER_SCRIPT_SANDBOXING = YES;
				GCC_C_LANGUAGE_STANDARD = gnu17;
				GCC_NO_COMMON_BLOCKS = YES;
				GCC_WARN_64_TO_32_BIT_CONVERSION = YES;
				GCC_WARN_ABOUT_RETURN_TYPE = YES_ERROR;
				GCC_WARN_UNDECLARED_SELECTOR = YES;
				GCC_WARN_UNINITIALIZED_AUTOS = YES_AGGRESSIVE;
				GCC_WARN_UNUSED_FUNCTION = YES;
				GCC_WARN_UNUSED_VARIABLE = YES;
				IPHONEOS_DEPLOYMENT_TARGET = 17.2;
				LOCALIZATION_PREFERS_STRING_CATALOGS = YES;
				MTL_ENABLE_DEBUG_INFO = NO;
				MTL_FAST_MATH = YES;
				SDKROOT = iphoneos;
				SWIFT_COMPILATION_MODE = wholemodule;
				VALIDATE_PRODUCT = YES;
			};
			name = Release;
		};
		2D4B63102CEF00C600377401 /* Debug */ = {
			isa = XCBuildConfiguration;
			buildSettings = {
				ASSETCATALOG_COMPILER_APPICON_NAME = AppIcon;
				ASSETCATALOG_COMPILER_GLOBAL_ACCENT_COLOR_NAME = AccentColor;
				CODE_SIGN_STYLE = Automatic;
				CURRENT_PROJECT_VERSION = 1;
				DEVELOPMENT_ASSET_PATHS = "\"firebaseLab3/Preview Content\"";
				ENABLE_PREVIEWS = YES;
				GENERATE_INFOPLIST_FILE = YES;
				INFOPLIST_KEY_UIApplicationSceneManifest_Generation = YES;
				INFOPLIST_KEY_UIApplicationSupportsIndirectInputEvents = YES;
				INFOPLIST_KEY_UILaunchScreen_Generation = YES;
				INFOPLIST_KEY_UISupportedInterfaceOrientations_iPad = "UIInterfaceOrientationPortrait UIInterfaceOrientationPortraitUpsideDown UIInterfaceOrientationLandscapeLeft UIInterfaceOrientationLandscapeRight";
				INFOPLIST_KEY_UISupportedInterfaceOrientations_iPhone = "UIInterfaceOrientationPortrait UIInterfaceOrientationLandscapeLeft UIInterfaceOrientationLandscapeRight";
				LD_RUNPATH_SEARCH_PATHS = (
					"$(inherited)",
					"@executable_path/Frameworks",
				);
				MARKETING_VERSION = 1.0;
				OTHER_LDFLAGS = "-ObjC";
				PRODUCT_BUNDLE_IDENTIFIER = com.example.firebaseLab3;
				PRODUCT_NAME = "$(TARGET_NAME)";
				SWIFT_EMIT_LOC_STRINGS = YES;
				SWIFT_VERSION = 5.0;
				TARGETED_DEVICE_FAMILY = "1,2";
			};
			name = Debug;
		};
		2D4B63112CEF00C600377401 /* Release */ = {
			isa = XCBuildConfiguration;
			buildSettings = {
				ASSETCATALOG_COMPILER_APPICON_NAME = AppIcon;
				ASSETCATALOG_COMPILER_GLOBAL_ACCENT_COLOR_NAME = AccentColor;
				CODE_SIGN_STYLE = Automatic;
				CURRENT_PROJECT_VERSION = 1;
				DEVELOPMENT_ASSET_PATHS = "\"firebaseLab3/Preview Content\"";
				ENABLE_PREVIEWS = YES;
				GENERATE_INFOPLIST_FILE = YES;
				INFOPLIST_KEY_UIApplicationSceneManifest_Generation = YES;
				INFOPLIST_KEY_UIApplicationSupportsIndirectInputEvents = YES;
				INFOPLIST_KEY_UILaunchScreen_Generation = YES;
				INFOPLIST_KEY_UISupportedInterfaceOrientations_iPad = "UIInterfaceOrientationPortrait UIInterfaceOrientationPortraitUpsideDown UIInterfaceOrientationLandscapeLeft UIInterfaceOrientationLandscapeRight";
				INFOPLIST_KEY_UISupportedInterfaceOrientations_iPhone = "UIInterfaceOrientationPortrait UIInterfaceOrientationLandscapeLeft UIInterfaceOrientationLandscapeRight";
				LD_RUNPATH_SEARCH_PATHS = (
					"$(inherited)",
					"@executable_path/Frameworks",
				);
				MARKETING_VERSION = 1.0;
				OTHER_LDFLAGS = "-ObjC";
				PRODUCT_BUNDLE_IDENTIFIER = com.example.firebaseLab3;
				PRODUCT_NAME = "$(TARGET_NAME)";
				SWIFT_EMIT_LOC_STRINGS = YES;
				SWIFT_VERSION = 5.0;
				TARGETED_DEVICE_FAMILY = "1,2";
			};
			name = Release;
		};
/* End XCBuildConfiguration section */

/* Begin XCConfigurationList section */
		2D4B62FC2CEF00C300377401 /* Build configuration list for PBXProject "firebaseLab3" */ = {
			isa = XCConfigurationList;
			buildConfigurations = (
				2D4B630D2CEF00C600377401 /* Debug */,
				2D4B630E2CEF00C600377401 /* Release */,
			);
			defaultConfigurationIsVisible = 0;
			defaultConfigurationName = Release;
		};
		2D4B630F2CEF00C600377401 /* Build configuration list for PBXNativeTarget "firebaseLab3" */ = {
			isa = XCConfigurationList;
			buildConfigurations = (
				2D4B63102CEF00C600377401 /* Debug */,
				2D4B63112CEF00C600377401 /* Release */,
			);
			defaultConfigurationIsVisible = 0;
			defaultConfigurationName = Release;
		};
/* End XCConfigurationList section */

/* Begin XCRemoteSwiftPackageReference section */
		2D4B63142CEF040800377401 /* XCRemoteSwiftPackageReference "firebase-ios-sdk" */ = {
			isa = XCRemoteSwiftPackageReference;
			repositoryURL = "https://github.com/firebase/firebase-ios-sdk.git";
			requirement = {
				kind = upToNextMajorVersion;
				minimumVersion = 11.5.0;
			};
		};
/* End XCRemoteSwiftPackageReference section */

/* Begin XCSwiftPackageProductDependency section */
		2D4B63152CEF040800377401 /* FirebaseAnalytics */ = {
			isa = XCSwiftPackageProductDependency;
			package = 2D4B63142CEF040800377401 /* XCRemoteSwiftPackageReference "firebase-ios-sdk" */;
			productName = FirebaseAnalytics;
		};
		2D4B63172CEF040800377401 /* FirebaseAnalyticsOnDeviceConversion */ = {
			isa = XCSwiftPackageProductDependency;
			package = 2D4B63142CEF040800377401 /* XCRemoteSwiftPackageReference "firebase-ios-sdk" */;
			productName = FirebaseAnalyticsOnDeviceConversion;
		};
		2D4B63192CEF040800377401 /* FirebaseAnalyticsWithoutAdIdSupport */ = {
			isa = XCSwiftPackageProductDependency;
			package = 2D4B63142CEF040800377401 /* XCRemoteSwiftPackageReference "firebase-ios-sdk" */;
			productName = FirebaseAnalyticsWithoutAdIdSupport;
		};
		2D4B631B2CEF040800377401 /* FirebaseAppCheck */ = {
			isa = XCSwiftPackageProductDependency;
			package = 2D4B63142CEF040800377401 /* XCRemoteSwiftPackageReference "firebase-ios-sdk" */;
			productName = FirebaseAppCheck;
		};
		2D4B631D2CEF040800377401 /* FirebaseAppDistribution-Beta */ = {
			isa = XCSwiftPackageProductDependency;
			package = 2D4B63142CEF040800377401 /* XCRemoteSwiftPackageReference "firebase-ios-sdk" */;
			productName = "FirebaseAppDistribution-Beta";
		};
		2D4B63202CEF044F00377401 /* FirebaseAuth */ = {
			isa = XCSwiftPackageProductDependency;
			package = 2D4B63142CEF040800377401 /* XCRemoteSwiftPackageReference "firebase-ios-sdk" */;
			productName = FirebaseAuth;
		};
		2D4B63222CEF045300377401 /* FirebaseCore */ = {
			isa = XCSwiftPackageProductDependency;
			package = 2D4B63142CEF040800377401 /* XCRemoteSwiftPackageReference "firebase-ios-sdk" */;
			productName = FirebaseCore;
		};
		2D4B63242CEF045900377401 /* FirebaseFirestore */ = {
			isa = XCSwiftPackageProductDependency;
			package = 2D4B63142CEF040800377401 /* XCRemoteSwiftPackageReference "firebase-ios-sdk" */;
			productName = FirebaseFirestore;
		};
/* End XCSwiftPackageProductDependency section */
	};
	rootObject = 2D4B62F92CEF00C300377401 /* Project object */;
}
